// !$*UTF8*$!
{
	archiveVersion = 1;
	classes = {
	};
	objectVersion = 55;
	objects = {

/* Begin PBXBuildFile section */
		0EDA1DD47D5B9E0627D86D1D /* Pods_DroneMQTT_DJISDK_iOS_Sample.framework in Frameworks */ = {isa = PBXBuildFile; fileRef = C738AC772CD79BE83C38E8FE /* Pods_DroneMQTT_DJISDK_iOS_Sample.framework */; };
		E927B41727A70D1A00E5F6AE /* DJISDKUtil.swift in Sources */ = {isa = PBXBuildFile; fileRef = E927B41627A70D1A00E5F6AE /* DJISDKUtil.swift */; };
		E99628B52758CBF9005DFCBA /* SimulatorControl.swift in Sources */ = {isa = PBXBuildFile; fileRef = E99628B42758CBF9005DFCBA /* SimulatorControl.swift */; };
		E9F924352754D75600DA3941 /* AppDelegate.swift in Sources */ = {isa = PBXBuildFile; fileRef = E9F924342754D75600DA3941 /* AppDelegate.swift */; };
		E9F924372754D75600DA3941 /* SceneDelegate.swift in Sources */ = {isa = PBXBuildFile; fileRef = E9F924362754D75600DA3941 /* SceneDelegate.swift */; };
		E9F9243C2754D75600DA3941 /* Main.storyboard in Resources */ = {isa = PBXBuildFile; fileRef = E9F9243A2754D75600DA3941 /* Main.storyboard */; };
		E9F9243E2754D75700DA3941 /* Assets.xcassets in Resources */ = {isa = PBXBuildFile; fileRef = E9F9243D2754D75700DA3941 /* Assets.xcassets */; };
		E9F924412754D75700DA3941 /* LaunchScreen.storyboard in Resources */ = {isa = PBXBuildFile; fileRef = E9F9243F2754D75700DA3941 /* LaunchScreen.storyboard */; };
		E9F9244A2754DB3800DA3941 /* ProductCommunicationService.swift in Sources */ = {isa = PBXBuildFile; fileRef = E9F924492754DB3800DA3941 /* ProductCommunicationService.swift */; };
		E9F9244C275604AE00DA3941 /* MainViewController.swift in Sources */ = {isa = PBXBuildFile; fileRef = E9F9244B275604AE00DA3941 /* MainViewController.swift */; };
		E9F9244E2756211800DA3941 /* DefaultLayoutViewController.swift in Sources */ = {isa = PBXBuildFile; fileRef = E9F9244D2756211800DA3941 /* DefaultLayoutViewController.swift */; };
		E9FE3FBB27A7BAB000EDB392 /* Util.swift in Sources */ = {isa = PBXBuildFile; fileRef = E9FE3FBA27A7BAB000EDB392 /* Util.swift */; };
		E9FE3FBD27A7C37900EDB392 /* TelemetryManager.swift in Sources */ = {isa = PBXBuildFile; fileRef = E9FE3FBC27A7C37900EDB392 /* TelemetryManager.swift */; };
/* End PBXBuildFile section */

/* Begin PBXFileReference section */
		996DAA426010D4DF51CAD5E6 /* Pods-DroneMQTT-DJISDK-iOS-Sample.debug.xcconfig */ = {isa = PBXFileReference; includeInIndex = 1; lastKnownFileType = text.xcconfig; name = "Pods-DroneMQTT-DJISDK-iOS-Sample.debug.xcconfig"; path = "Target Support Files/Pods-DroneMQTT-DJISDK-iOS-Sample/Pods-DroneMQTT-DJISDK-iOS-Sample.debug.xcconfig"; sourceTree = "<group>"; };
		B48D618FF49E5E613183CA58 /* Pods-DroneMQTT-DJISDK-iOS-Sample.release.xcconfig */ = {isa = PBXFileReference; includeInIndex = 1; lastKnownFileType = text.xcconfig; name = "Pods-DroneMQTT-DJISDK-iOS-Sample.release.xcconfig"; path = "Target Support Files/Pods-DroneMQTT-DJISDK-iOS-Sample/Pods-DroneMQTT-DJISDK-iOS-Sample.release.xcconfig"; sourceTree = "<group>"; };
		C738AC772CD79BE83C38E8FE /* Pods_DroneMQTT_DJISDK_iOS_Sample.framework */ = {isa = PBXFileReference; explicitFileType = wrapper.framework; includeInIndex = 0; path = Pods_DroneMQTT_DJISDK_iOS_Sample.framework; sourceTree = BUILT_PRODUCTS_DIR; };
		E927B41627A70D1A00E5F6AE /* DJISDKUtil.swift */ = {isa = PBXFileReference; lastKnownFileType = sourcecode.swift; path = DJISDKUtil.swift; sourceTree = "<group>"; };
		E99628B22758AC3B005DFCBA /* OpenSSL.xcframework */ = {isa = PBXFileReference; lastKnownFileType = wrapper.xcframework; name = OpenSSL.xcframework; path = "Pods/OpenSSL-Universal/Frameworks/OpenSSL.xcframework"; sourceTree = "<group>"; };
		E99628B42758CBF9005DFCBA /* SimulatorControl.swift */ = {isa = PBXFileReference; lastKnownFileType = sourcecode.swift; path = SimulatorControl.swift; sourceTree = "<group>"; };
		E9F924312754D75600DA3941 /* DroneMQTT-DJISDK-iOS-Sample.app */ = {isa = PBXFileReference; explicitFileType = wrapper.application; includeInIndex = 0; path = "DroneMQTT-DJISDK-iOS-Sample.app"; sourceTree = BUILT_PRODUCTS_DIR; };
		E9F924342754D75600DA3941 /* AppDelegate.swift */ = {isa = PBXFileReference; lastKnownFileType = sourcecode.swift; path = AppDelegate.swift; sourceTree = "<group>"; };
		E9F924362754D75600DA3941 /* SceneDelegate.swift */ = {isa = PBXFileReference; lastKnownFileType = sourcecode.swift; path = SceneDelegate.swift; sourceTree = "<group>"; };
		E9F9243B2754D75600DA3941 /* Base */ = {isa = PBXFileReference; lastKnownFileType = file.storyboard; name = Base; path = Base.lproj/Main.storyboard; sourceTree = "<group>"; };
		E9F9243D2754D75700DA3941 /* Assets.xcassets */ = {isa = PBXFileReference; lastKnownFileType = folder.assetcatalog; path = Assets.xcassets; sourceTree = "<group>"; };
		E9F924402754D75700DA3941 /* Base */ = {isa = PBXFileReference; lastKnownFileType = file.storyboard; name = Base; path = Base.lproj/LaunchScreen.storyboard; sourceTree = "<group>"; };
		E9F924422754D75700DA3941 /* Info.plist */ = {isa = PBXFileReference; lastKnownFileType = text.plist.xml; path = Info.plist; sourceTree = "<group>"; };
		E9F924492754DB3800DA3941 /* ProductCommunicationService.swift */ = {isa = PBXFileReference; lastKnownFileType = sourcecode.swift; path = ProductCommunicationService.swift; sourceTree = "<group>"; };
		E9F9244B275604AE00DA3941 /* MainViewController.swift */ = {isa = PBXFileReference; fileEncoding = 4; lastKnownFileType = sourcecode.swift; path = MainViewController.swift; sourceTree = "<group>"; };
		E9F9244D2756211800DA3941 /* DefaultLayoutViewController.swift */ = {isa = PBXFileReference; lastKnownFileType = sourcecode.swift; path = DefaultLayoutViewController.swift; sourceTree = "<group>"; };
		E9F9244F2756296C00DA3941 /* DJIWidget.framework */ = {isa = PBXFileReference; explicitFileType = wrapper.framework; path = DJIWidget.framework; sourceTree = BUILT_PRODUCTS_DIR; };
		E9FE3FBA27A7BAB000EDB392 /* Util.swift */ = {isa = PBXFileReference; lastKnownFileType = sourcecode.swift; path = Util.swift; sourceTree = "<group>"; };
		E9FE3FBC27A7C37900EDB392 /* TelemetryManager.swift */ = {isa = PBXFileReference; lastKnownFileType = sourcecode.swift; path = TelemetryManager.swift; sourceTree = "<group>"; };
/* End PBXFileReference section */

/* Begin PBXFrameworksBuildPhase section */
		E9F9242E2754D75600DA3941 /* Frameworks */ = {
			isa = PBXFrameworksBuildPhase;
			buildActionMask = 2147483647;
			files = (
				0EDA1DD47D5B9E0627D86D1D /* Pods_DroneMQTT_DJISDK_iOS_Sample.framework in Frameworks */,
			);
			runOnlyForDeploymentPostprocessing = 0;
		};
/* End PBXFrameworksBuildPhase section */

/* Begin PBXGroup section */
		93E357D3B555BD89F4BAF202 /* Frameworks */ = {
			isa = PBXGroup;
			children = (
				E99628B22758AC3B005DFCBA /* OpenSSL.xcframework */,
				E9F9244F2756296C00DA3941 /* DJIWidget.framework */,
				C738AC772CD79BE83C38E8FE /* Pods_DroneMQTT_DJISDK_iOS_Sample.framework */,
			);
			name = Frameworks;
			sourceTree = "<group>";
		};
		C7D102BAD629D0DE2C7E4D42 /* Pods */ = {
			isa = PBXGroup;
			children = (
				996DAA426010D4DF51CAD5E6 /* Pods-DroneMQTT-DJISDK-iOS-Sample.debug.xcconfig */,
				B48D618FF49E5E613183CA58 /* Pods-DroneMQTT-DJISDK-iOS-Sample.release.xcconfig */,
			);
			path = Pods;
			sourceTree = "<group>";
		};
		E927B41527A70D0400E5F6AE /* Util */ = {
			isa = PBXGroup;
			children = (
				E927B41627A70D1A00E5F6AE /* DJISDKUtil.swift */,
				E9FE3FBA27A7BAB000EDB392 /* Util.swift */,
			);
			path = Util;
			sourceTree = "<group>";
		};
		E9F924282754D75600DA3941 = {
			isa = PBXGroup;
			children = (
				E9F924332754D75600DA3941 /* DroneMQTT-DJISDK-iOS-Sample */,
				E9F924322754D75600DA3941 /* Products */,
				C7D102BAD629D0DE2C7E4D42 /* Pods */,
				93E357D3B555BD89F4BAF202 /* Frameworks */,
			);
			sourceTree = "<group>";
		};
		E9F924322754D75600DA3941 /* Products */ = {
			isa = PBXGroup;
			children = (
				E9F924312754D75600DA3941 /* DroneMQTT-DJISDK-iOS-Sample.app */,
			);
			name = Products;
			sourceTree = "<group>";
		};
		E9F924332754D75600DA3941 /* DroneMQTT-DJISDK-iOS-Sample */ = {
			isa = PBXGroup;
			children = (
				E927B41527A70D0400E5F6AE /* Util */,
				E9F924482754DADA00DA3941 /* ProductCommunication */,
				E9F924342754D75600DA3941 /* AppDelegate.swift */,
				E9F9244B275604AE00DA3941 /* MainViewController.swift */,
				E9F9244D2756211800DA3941 /* DefaultLayoutViewController.swift */,
				E9FE3FBC27A7C37900EDB392 /* TelemetryManager.swift */,
				E9F924362754D75600DA3941 /* SceneDelegate.swift */,
				E9F9243A2754D75600DA3941 /* Main.storyboard */,
				E9F9243D2754D75700DA3941 /* Assets.xcassets */,
				E9F9243F2754D75700DA3941 /* LaunchScreen.storyboard */,
				E9F924422754D75700DA3941 /* Info.plist */,
			);
			path = "DroneMQTT-DJISDK-iOS-Sample";
			sourceTree = "<group>";
		};
		E9F924482754DADA00DA3941 /* ProductCommunication */ = {
			isa = PBXGroup;
			children = (
				E9F924492754DB3800DA3941 /* ProductCommunicationService.swift */,
				E99628B42758CBF9005DFCBA /* SimulatorControl.swift */,
			);
			path = ProductCommunication;
			sourceTree = "<group>";
		};
/* End PBXGroup section */

/* Begin PBXNativeTarget section */
		E9F924302754D75600DA3941 /* DroneMQTT-DJISDK-iOS-Sample */ = {
			isa = PBXNativeTarget;
			buildConfigurationList = E9F924452754D75700DA3941 /* Build configuration list for PBXNativeTarget "DroneMQTT-DJISDK-iOS-Sample" */;
			buildPhases = (
				471E209FE3342831ABADD160 /* [CP] Check Pods Manifest.lock */,
				E9F9242D2754D75600DA3941 /* Sources */,
				E9F9242E2754D75600DA3941 /* Frameworks */,
				E9F9242F2754D75600DA3941 /* Resources */,
				46A480E5EF6744505BEDB615 /* [CP] Embed Pods Frameworks */,
			);
			buildRules = (
			);
			dependencies = (
			);
			name = "DroneMQTT-DJISDK-iOS-Sample";
			productName = "DroneMQTT-DJISDK-iOS-Sample";
			productReference = E9F924312754D75600DA3941 /* DroneMQTT-DJISDK-iOS-Sample.app */;
			productType = "com.apple.product-type.application";
		};
/* End PBXNativeTarget section */

/* Begin PBXProject section */
		E9F924292754D75600DA3941 /* Project object */ = {
			isa = PBXProject;
			attributes = {
				BuildIndependentTargetsInParallel = 1;
				LastSwiftUpdateCheck = 1310;
				LastUpgradeCheck = 1310;
				TargetAttributes = {
					E9F924302754D75600DA3941 = {
						CreatedOnToolsVersion = 13.1;
					};
				};
			};
			buildConfigurationList = E9F9242C2754D75600DA3941 /* Build configuration list for PBXProject "DroneMQTT-DJISDK-iOS-Sample" */;
			compatibilityVersion = "Xcode 13.0";
			developmentRegion = en;
			hasScannedForEncodings = 0;
			knownRegions = (
				en,
				Base,
			);
			mainGroup = E9F924282754D75600DA3941;
			productRefGroup = E9F924322754D75600DA3941 /* Products */;
			projectDirPath = "";
			projectRoot = "";
			targets = (
				E9F924302754D75600DA3941 /* DroneMQTT-DJISDK-iOS-Sample */,
			);
		};
/* End PBXProject section */

/* Begin PBXResourcesBuildPhase section */
		E9F9242F2754D75600DA3941 /* Resources */ = {
			isa = PBXResourcesBuildPhase;
			buildActionMask = 2147483647;
			files = (
				E9F924412754D75700DA3941 /* LaunchScreen.storyboard in Resources */,
				E9F9243E2754D75700DA3941 /* Assets.xcassets in Resources */,
				E9F9243C2754D75600DA3941 /* Main.storyboard in Resources */,
			);
			runOnlyForDeploymentPostprocessing = 0;
		};
/* End PBXResourcesBuildPhase section */

/* Begin PBXShellScriptBuildPhase section */
		46A480E5EF6744505BEDB615 /* [CP] Embed Pods Frameworks */ = {
			isa = PBXShellScriptBuildPhase;
			buildActionMask = 2147483647;
			files = (
			);
			inputFileListPaths = (
				"${PODS_ROOT}/Target Support Files/Pods-DroneMQTT-DJISDK-iOS-Sample/Pods-DroneMQTT-DJISDK-iOS-Sample-frameworks-${CONFIGURATION}-input-files.xcfilelist",
			);
			name = "[CP] Embed Pods Frameworks";
			outputFileListPaths = (
				"${PODS_ROOT}/Target Support Files/Pods-DroneMQTT-DJISDK-iOS-Sample/Pods-DroneMQTT-DJISDK-iOS-Sample-frameworks-${CONFIGURATION}-output-files.xcfilelist",
			);
			runOnlyForDeploymentPostprocessing = 0;
			shellPath = /bin/sh;
			shellScript = "\"${PODS_ROOT}/Target Support Files/Pods-DroneMQTT-DJISDK-iOS-Sample/Pods-DroneMQTT-DJISDK-iOS-Sample-frameworks.sh\"\n";
			showEnvVarsInLog = 0;
		};
		471E209FE3342831ABADD160 /* [CP] Check Pods Manifest.lock */ = {
			isa = PBXShellScriptBuildPhase;
			buildActionMask = 2147483647;
			files = (
			);
			inputFileListPaths = (
			);
			inputPaths = (
				"${PODS_PODFILE_DIR_PATH}/Podfile.lock",
				"${PODS_ROOT}/Manifest.lock",
			);
			name = "[CP] Check Pods Manifest.lock";
			outputFileListPaths = (
			);
			outputPaths = (
				"$(DERIVED_FILE_DIR)/Pods-DroneMQTT-DJISDK-iOS-Sample-checkManifestLockResult.txt",
			);
			runOnlyForDeploymentPostprocessing = 0;
			shellPath = /bin/sh;
			shellScript = "diff \"${PODS_PODFILE_DIR_PATH}/Podfile.lock\" \"${PODS_ROOT}/Manifest.lock\" > /dev/null\nif [ $? != 0 ] ; then\n    # print error to STDERR\n    echo \"error: The sandbox is not in sync with the Podfile.lock. Run 'pod install' or update your CocoaPods installation.\" >&2\n    exit 1\nfi\n# This output is used by Xcode 'outputs' to avoid re-running this script phase.\necho \"SUCCESS\" > \"${SCRIPT_OUTPUT_FILE_0}\"\n";
			showEnvVarsInLog = 0;
		};
/* End PBXShellScriptBuildPhase section */

/* Begin PBXSourcesBuildPhase section */
		E9F9242D2754D75600DA3941 /* Sources */ = {
			isa = PBXSourcesBuildPhase;
			buildActionMask = 2147483647;
			files = (
				E9F9244A2754DB3800DA3941 /* ProductCommunicationService.swift in Sources */,
				E927B41727A70D1A00E5F6AE /* DJISDKUtil.swift in Sources */,
				E9F924352754D75600DA3941 /* AppDelegate.swift in Sources */,
				E9FE3FBD27A7C37900EDB392 /* TelemetryManager.swift in Sources */,
				E9FE3FBB27A7BAB000EDB392 /* Util.swift in Sources */,
				E9F924372754D75600DA3941 /* SceneDelegate.swift in Sources */,
				E9F9244E2756211800DA3941 /* DefaultLayoutViewController.swift in Sources */,
				E99628B52758CBF9005DFCBA /* SimulatorControl.swift in Sources */,
				E9F9244C275604AE00DA3941 /* MainViewController.swift in Sources */,
			);
			runOnlyForDeploymentPostprocessing = 0;
		};
/* End PBXSourcesBuildPhase section */

/* Begin PBXVariantGroup section */
		E9F9243A2754D75600DA3941 /* Main.storyboard */ = {
			isa = PBXVariantGroup;
			children = (
				E9F9243B2754D75600DA3941 /* Base */,
			);
			name = Main.storyboard;
			sourceTree = "<group>";
		};
		E9F9243F2754D75700DA3941 /* LaunchScreen.storyboard */ = {
			isa = PBXVariantGroup;
			children = (
				E9F924402754D75700DA3941 /* Base */,
			);
			name = LaunchScreen.storyboard;
			sourceTree = "<group>";
		};
/* End PBXVariantGroup section */

/* Begin XCBuildConfiguration section */
		E9F924432754D75700DA3941 /* Debug */ = {
			isa = XCBuildConfiguration;
			buildSettings = {
				ALWAYS_SEARCH_USER_PATHS = NO;
				CLANG_ANALYZER_NONNULL = YES;
				CLANG_ANALYZER_NUMBER_OBJECT_CONVERSION = YES_AGGRESSIVE;
				CLANG_CXX_LANGUAGE_STANDARD = "gnu++17";
				CLANG_CXX_LIBRARY = "libc++";
				CLANG_ENABLE_MODULES = YES;
				CLANG_ENABLE_OBJC_ARC = YES;
				CLANG_ENABLE_OBJC_WEAK = YES;
				CLANG_WARN_BLOCK_CAPTURE_AUTORELEASING = YES;
				CLANG_WARN_BOOL_CONVERSION = YES;
				CLANG_WARN_COMMA = YES;
				CLANG_WARN_CONSTANT_CONVERSION = YES;
				CLANG_WARN_DEPRECATED_OBJC_IMPLEMENTATIONS = YES;
				CLANG_WARN_DIRECT_OBJC_ISA_USAGE = YES_ERROR;
				CLANG_WARN_DOCUMENTATION_COMMENTS = YES;
				CLANG_WARN_EMPTY_BODY = YES;
				CLANG_WARN_ENUM_CONVERSION = YES;
				CLANG_WARN_INFINITE_RECURSION = YES;
				CLANG_WARN_INT_CONVERSION = YES;
				CLANG_WARN_NON_LITERAL_NULL_CONVERSION = YES;
				CLANG_WARN_OBJC_IMPLICIT_RETAIN_SELF = YES;
				CLANG_WARN_OBJC_LITERAL_CONVERSION = YES;
				CLANG_WARN_OBJC_ROOT_CLASS = YES_ERROR;
				CLANG_WARN_QUOTED_INCLUDE_IN_FRAMEWORK_HEADER = YES;
				CLANG_WARN_RANGE_LOOP_ANALYSIS = YES;
				CLANG_WARN_STRICT_PROTOTYPES = YES;
				CLANG_WARN_SUSPICIOUS_MOVE = YES;
				CLANG_WARN_UNGUARDED_AVAILABILITY = YES_AGGRESSIVE;
				CLANG_WARN_UNREACHABLE_CODE = YES;
				CLANG_WARN__DUPLICATE_METHOD_MATCH = YES;
				COPY_PHASE_STRIP = NO;
				DEBUG_INFORMATION_FORMAT = dwarf;
				ENABLE_STRICT_OBJC_MSGSEND = YES;
				ENABLE_TESTABILITY = YES;
				GCC_C_LANGUAGE_STANDARD = gnu11;
				GCC_DYNAMIC_NO_PIC = NO;
				GCC_NO_COMMON_BLOCKS = YES;
				GCC_OPTIMIZATION_LEVEL = 0;
				GCC_PREPROCESSOR_DEFINITIONS = (
					"DEBUG=1",
					"$(inherited)",
				);
				GCC_WARN_64_TO_32_BIT_CONVERSION = YES;
				GCC_WARN_ABOUT_RETURN_TYPE = YES_ERROR;
				GCC_WARN_UNDECLARED_SELECTOR = YES;
				GCC_WARN_UNINITIALIZED_AUTOS = YES_AGGRESSIVE;
				GCC_WARN_UNUSED_FUNCTION = YES;
				GCC_WARN_UNUSED_VARIABLE = YES;
				IPHONEOS_DEPLOYMENT_TARGET = 15.0;
				MTL_ENABLE_DEBUG_INFO = INCLUDE_SOURCE;
				MTL_FAST_MATH = YES;
				ONLY_ACTIVE_ARCH = YES;
				SDKROOT = iphoneos;
				SWIFT_ACTIVE_COMPILATION_CONDITIONS = DEBUG;
				SWIFT_OPTIMIZATION_LEVEL = "-Onone";
			};
			name = Debug;
		};
		E9F924442754D75700DA3941 /* Release */ = {
			isa = XCBuildConfiguration;
			buildSettings = {
				ALWAYS_SEARCH_USER_PATHS = NO;
				CLANG_ANALYZER_NONNULL = YES;
				CLANG_ANALYZER_NUMBER_OBJECT_CONVERSION = YES_AGGRESSIVE;
				CLANG_CXX_LANGUAGE_STANDARD = "gnu++17";
				CLANG_CXX_LIBRARY = "libc++";
				CLANG_ENABLE_MODULES = YES;
				CLANG_ENABLE_OBJC_ARC = YES;
				CLANG_ENABLE_OBJC_WEAK = YES;
				CLANG_WARN_BLOCK_CAPTURE_AUTORELEASING = YES;
				CLANG_WARN_BOOL_CONVERSION = YES;
				CLANG_WARN_COMMA = YES;
				CLANG_WARN_CONSTANT_CONVERSION = YES;
				CLANG_WARN_DEPRECATED_OBJC_IMPLEMENTATIONS = YES;
				CLANG_WARN_DIRECT_OBJC_ISA_USAGE = YES_ERROR;
				CLANG_WARN_DOCUMENTATION_COMMENTS = YES;
				CLANG_WARN_EMPTY_BODY = YES;
				CLANG_WARN_ENUM_CONVERSION = YES;
				CLANG_WARN_INFINITE_RECURSION = YES;
				CLANG_WARN_INT_CONVERSION = YES;
				CLANG_WARN_NON_LITERAL_NULL_CONVERSION = YES;
				CLANG_WARN_OBJC_IMPLICIT_RETAIN_SELF = YES;
				CLANG_WARN_OBJC_LITERAL_CONVERSION = YES;
				CLANG_WARN_OBJC_ROOT_CLASS = YES_ERROR;
				CLANG_WARN_QUOTED_INCLUDE_IN_FRAMEWORK_HEADER = YES;
				CLANG_WARN_RANGE_LOOP_ANALYSIS = YES;
				CLANG_WARN_STRICT_PROTOTYPES = YES;
				CLANG_WARN_SUSPICIOUS_MOVE = YES;
				CLANG_WARN_UNGUARDED_AVAILABILITY = YES_AGGRESSIVE;
				CLANG_WARN_UNREACHABLE_CODE = YES;
				CLANG_WARN__DUPLICATE_METHOD_MATCH = YES;
				COPY_PHASE_STRIP = NO;
				DEBUG_INFORMATION_FORMAT = "dwarf-with-dsym";
				ENABLE_NS_ASSERTIONS = NO;
				ENABLE_STRICT_OBJC_MSGSEND = YES;
				GCC_C_LANGUAGE_STANDARD = gnu11;
				GCC_NO_COMMON_BLOCKS = YES;
				GCC_WARN_64_TO_32_BIT_CONVERSION = YES;
				GCC_WARN_ABOUT_RETURN_TYPE = YES_ERROR;
				GCC_WARN_UNDECLARED_SELECTOR = YES;
				GCC_WARN_UNINITIALIZED_AUTOS = YES_AGGRESSIVE;
				GCC_WARN_UNUSED_FUNCTION = YES;
				GCC_WARN_UNUSED_VARIABLE = YES;
				IPHONEOS_DEPLOYMENT_TARGET = 15.0;
				MTL_ENABLE_DEBUG_INFO = NO;
				MTL_FAST_MATH = YES;
				SDKROOT = iphoneos;
				SWIFT_COMPILATION_MODE = wholemodule;
				SWIFT_OPTIMIZATION_LEVEL = "-O";
				VALIDATE_PRODUCT = YES;
			};
			name = Release;
		};
		E9F924462754D75700DA3941 /* Debug */ = {
			isa = XCBuildConfiguration;
			baseConfigurationReference = 996DAA426010D4DF51CAD5E6 /* Pods-DroneMQTT-DJISDK-iOS-Sample.debug.xcconfig */;
			buildSettings = {
				ASSETCATALOG_COMPILER_APPICON_NAME = AppIcon;
				ASSETCATALOG_COMPILER_GLOBAL_ACCENT_COLOR_NAME = AccentColor;
				CODE_SIGN_IDENTITY = "Apple Development";
				CODE_SIGN_STYLE = Automatic;
				CURRENT_PROJECT_VERSION = 1;
				DEVELOPMENT_TEAM = "";
				GENERATE_INFOPLIST_FILE = YES;
				INFOPLIST_FILE = "DroneMQTT-DJISDK-iOS-Sample/Info.plist";
				INFOPLIST_KEY_CFBundleDisplayName = "DroneMQTT Sample";
				INFOPLIST_KEY_NSBluetoothAlwaysUsageDescription = "Bluetooth is required for communicating with some DJI hardware.";
				INFOPLIST_KEY_NSLocationAlwaysAndWhenInUseUsageDescription = "Gets location of the phone to calculate distance to aircraft";
				INFOPLIST_KEY_NSLocationWhenInUseUsageDescription = "Gets location of the phone to calculate distance to aircraft";
				INFOPLIST_KEY_NSMicrophoneUsageDescription = "This app uses the microphone to record voice messages for broadcasting using the speaker accessory.";
				INFOPLIST_KEY_UIApplicationSupportsIndirectInputEvents = YES;
				INFOPLIST_KEY_UILaunchStoryboardName = LaunchScreen;
				INFOPLIST_KEY_UIMainStoryboardFile = Main;
				INFOPLIST_KEY_UISupportedInterfaceOrientations = "UIInterfaceOrientationLandscapeRight UIInterfaceOrientationLandscapeLeft";
				INFOPLIST_KEY_UISupportedInterfaceOrientations_iPad = "UIInterfaceOrientationLandscapeLeft UIInterfaceOrientationLandscapeRight";
				INFOPLIST_KEY_UISupportedInterfaceOrientations_iPhone = "UIInterfaceOrientationLandscapeLeft UIInterfaceOrientationLandscapeRight";
				LD_RUNPATH_SEARCH_PATHS = (
					"$(inherited)",
					"@executable_path/Frameworks",
				);
				LIBRARY_SEARCH_PATHS = "$(inherited)";
				MARKETING_VERSION = 1.0;
				PRODUCT_BUNDLE_IDENTIFIER = "com.reddotdrone.DroneMQTT-DJISDK-iOS-Sample";
				PRODUCT_NAME = "$(TARGET_NAME)";
				PROVISIONING_PROFILE_SPECIFIER = "";
				SWIFT_EMIT_LOC_STRINGS = YES;
				SWIFT_VERSION = 5.0;
				TARGETED_DEVICE_FAMILY = "1,2";
			};
			name = Debug;
		};
		E9F924472754D75700DA3941 /* Release */ = {
			isa = XCBuildConfiguration;
			baseConfigurationReference = B48D618FF49E5E613183CA58 /* Pods-DroneMQTT-DJISDK-iOS-Sample.release.xcconfig */;
			buildSettings = {
				ASSETCATALOG_COMPILER_APPICON_NAME = AppIcon;
				ASSETCATALOG_COMPILER_GLOBAL_ACCENT_COLOR_NAME = AccentColor;
				CODE_SIGN_IDENTITY = "Apple Development";
				CODE_SIGN_STYLE = Automatic;
				CURRENT_PROJECT_VERSION = 1;
				DEVELOPMENT_TEAM = "";
				GENERATE_INFOPLIST_FILE = YES;
				INFOPLIST_FILE = "DroneMQTT-DJISDK-iOS-Sample/Info.plist";
				INFOPLIST_KEY_CFBundleDisplayName = "DroneMQTT Sample";
				INFOPLIST_KEY_NSBluetoothAlwaysUsageDescription = "Bluetooth is required for communicating with some DJI hardware.";
				INFOPLIST_KEY_NSLocationAlwaysAndWhenInUseUsageDescription = "Gets location of the phone to calculate distance to aircraft";
				INFOPLIST_KEY_NSLocationWhenInUseUsageDescription = "Gets location of the phone to calculate distance to aircraft";
				INFOPLIST_KEY_NSMicrophoneUsageDescription = "This app uses the microphone to record voice messages for broadcasting using the speaker accessory.";
				INFOPLIST_KEY_UIApplicationSupportsIndirectInputEvents = YES;
				INFOPLIST_KEY_UILaunchStoryboardName = LaunchScreen;
				INFOPLIST_KEY_UIMainStoryboardFile = Main;
				INFOPLIST_KEY_UISupportedInterfaceOrientations = "UIInterfaceOrientationLandscapeRight UIInterfaceOrientationLandscapeLeft";
				INFOPLIST_KEY_UISupportedInterfaceOrientations_iPad = "UIInterfaceOrientationLandscapeLeft UIInterfaceOrientationLandscapeRight";
				INFOPLIST_KEY_UISupportedInterfaceOrientations_iPhone = "UIInterfaceOrientationLandscapeLeft UIInterfaceOrientationLandscapeRight";
				LD_RUNPATH_SEARCH_PATHS = (
					"$(inherited)",
					"@executable_path/Frameworks",
				);
				LIBRARY_SEARCH_PATHS = "$(inherited)";
				MARKETING_VERSION = 1.0;
				PRODUCT_BUNDLE_IDENTIFIER = "com.reddotdrone.DroneMQTT-DJISDK-iOS-Sample";
				PRODUCT_NAME = "$(TARGET_NAME)";
				PROVISIONING_PROFILE_SPECIFIER = "";
				SWIFT_EMIT_LOC_STRINGS = YES;
				SWIFT_VERSION = 5.0;
				TARGETED_DEVICE_FAMILY = "1,2";
			};
			name = Release;
		};
/* End XCBuildConfiguration section */

/* Begin XCConfigurationList section */
		E9F9242C2754D75600DA3941 /* Build configuration list for PBXProject "DroneMQTT-DJISDK-iOS-Sample" */ = {
			isa = XCConfigurationList;
			buildConfigurations = (
				E9F924432754D75700DA3941 /* Debug */,
				E9F924442754D75700DA3941 /* Release */,
			);
			defaultConfigurationIsVisible = 0;
			defaultConfigurationName = Release;
		};
		E9F924452754D75700DA3941 /* Build configuration list for PBXNativeTarget "DroneMQTT-DJISDK-iOS-Sample" */ = {
			isa = XCConfigurationList;
			buildConfigurations = (
				E9F924462754D75700DA3941 /* Debug */,
				E9F924472754D75700DA3941 /* Release */,
			);
			defaultConfigurationIsVisible = 0;
			defaultConfigurationName = Release;
		};
/* End XCConfigurationList section */
	};
	rootObject = E9F924292754D75600DA3941 /* Project object */;
}
